
Microsoft Visual Studio Solution File, Format Version 12.00
# Visual Studio 15
VisualStudioVersion = 15.0.28010.2041
MinimumVisualStudioVersion = 10.0.40219.1
Project("{FAE04EC0-301F-11D3-BF4B-00C04F79EFBC}") = "MscrmTools.FluentQueryExpressions", "MscrmTools.FluentQueryExpressions\MscrmTools.FluentQueryExpressions.csproj", "{2A313862-8D9B-4191-BC2C-015AAFCE295F}"
EndProject
Project("{FAE04EC0-301F-11D3-BF4B-00C04F79EFBC}") = "MscrmTools.FluentQueryExpressions.Test", "MscrmTools.FluentQueryExpressions.Test\MscrmTools.FluentQueryExpressions.Test.csproj", "{11A7B20D-1DC3-4F04-81E5-C912B0017868}"
EndProject
Project("{D954291E-2A0B-460D-934E-DC6B0785DB48}") = "MscrmTools.Shared", "MscrmTools.Shared\MscrmTools.Shared.shproj", "{92D1C46C-D61E-4D1A-AAEA-530B53B4AD53}"
EndProject
Project("{FAE04EC0-301F-11D3-BF4B-00C04F79EFBC}") = "MscrmTools.FluentQueryExpressions.v8", "MscrmTools.FluentQueryExpressions.v8\MscrmTools.FluentQueryExpressions.v8.csproj", "{932ACA20-4FEF-4B4B-8EFF-9198EA1E6215}"
EndProject
Global
	GlobalSection(SharedMSBuildProjectFiles) = preSolution
		MscrmTools.Shared\MscrmTools.Shared.projitems*{2a313862-8d9b-4191-bc2c-015aafce295f}*SharedItemsImports = 4
		MscrmTools.Shared\MscrmTools.Shared.projitems*{92d1c46c-d61e-4d1a-aaea-530b53b4ad53}*SharedItemsImports = 13
		MscrmTools.Shared\MscrmTools.Shared.projitems*{932aca20-4fef-4b4b-8eff-9198ea1e6215}*SharedItemsImports = 4
	EndGlobalSection
	GlobalSection(SolutionConfigurationPlatforms) = preSolution
		Debug|Any CPU = Debug|Any CPU
		Release|Any CPU = Release|Any CPU
	EndGlobalSection
	GlobalSection(ProjectConfigurationPlatforms) = postSolution
		{2A313862-8D9B-4191-BC2C-015AAFCE295F}.Debug|Any CPU.ActiveCfg = Debug|Any CPU
		{2A313862-8D9B-4191-BC2C-015AAFCE295F}.Debug|Any CPU.Build.0 = Debug|Any CPU
		{2A313862-8D9B-4191-BC2C-015AAFCE295F}.Release|Any CPU.ActiveCfg = Release|Any CPU
		{2A313862-8D9B-4191-BC2C-015AAFCE295F}.Release|Any CPU.Build.0 = Release|Any CPU
		{11A7B20D-1DC3-4F04-81E5-C912B0017868}.Debug|Any CPU.ActiveCfg = Debug|Any CPU
		{11A7B20D-1DC3-4F04-81E5-C912B0017868}.Debug|Any CPU.Build.0 = Debug|Any CPU
		{11A7B20D-1DC3-4F04-81E5-C912B0017868}.Release|Any CPU.ActiveCfg = Release|Any CPU
		{11A7B20D-1DC3-4F04-81E5-C912B0017868}.Release|Any CPU.Build.0 = Release|Any CPU
		{932ACA20-4FEF-4B4B-8EFF-9198EA1E6215}.Debug|Any CPU.ActiveCfg = Debug|Any CPU
		{932ACA20-4FEF-4B4B-8EFF-9198EA1E6215}.Debug|Any CPU.Build.0 = Debug|Any CPU
		{932ACA20-4FEF-4B4B-8EFF-9198EA1E6215}.Release|Any CPU.ActiveCfg = Release|Any CPU
		{932ACA20-4FEF-4B4B-8EFF-9198EA1E6215}.Release|Any CPU.Build.0 = Release|Any CPU
	EndGlobalSection
	GlobalSection(SolutionProperties) = preSolution
		HideSolutionNode = FALSE
	EndGlobalSection
	GlobalSection(ExtensibilityGlobals) = postSolution
		SolutionGuid = {E37235A4-6179-4604-92CE-94FB4EB89388}
	EndGlobalSection
EndGlobal
